
Microsoft Visual Studio Solution File, Format Version 12.00
# Visual Studio Version 17
VisualStudioVersion = 17.0.31903.59
MinimumVisualStudioVersion = 10.0.40219.1
Project("{FAE04EC0-301F-11D3-BF4B-00C04F79EFBC}") = "E3DCopilot.Addin", "E3DCopilot.Addin\E3DCopilot.Addin.csproj", "{0831F35A-02F7-4F08-AFE4-5B6EAD942548}"
EndProject
Project("{FAE04EC0-301F-11D3-BF4B-00C04F79EFBC}") = "E3DCopilot.Core", "E3DCopilot.Core\E3DCopilot.Core.csproj", "{BC77A56A-61EA-44C3-8035-E5A7EDAFF8EE}"
EndProject
Project("{FAE04EC0-301F-11D3-BF4B-00C04F79EFBC}") = "E3DCopilot.Tools", "E3DCopilot.Tools\E3DCopilot.Tools.csproj", "{0F8A6B88-12AF-4089-9C95-B1C46A589290}"
EndProject
Project("{FAE04EC0-301F-11D3-BF4B-00C04F79EFBC}") = "E3DCopilot.WebHost", "E3DCopilot.WebHost\E3DCopilot.WebHost.csproj", "{D5E6F7A8-B9C0-1234-DEF5-6789ABCDEF01}"
EndProject
Project("{FAE04EC0-301F-11D3-BF4B-00C04F79EFBC}") = "E3DCopilot.Tests", "E3DCopilot.Tests\E3DCopilot.Tests.csproj", "{D328ED4A-5DC7-42DD-963B-2DBCB7E7E859}"
EndProject
Project("{FAE04EC0-301F-11D3-BF4B-00C04F79EFBC}") = "E3DCopilot.E2ETest", "E3DCopilot.E2ETest\E3DCopilot.E2ETest.csproj", "{E1E2E3E4-E5E6-7890-ABCD-EF1234567890}"
EndProject
Project("{FAE04EC0-301F-11D3-BF4B-00C04F79EFBC}") = "E3DCopilot.Loader", "E3DCopilot.Loader\E3DCopilot.Loader.csproj", "{350142F0-3845-4749-BC5F-ED957F46E735}"
EndProject
Global
	GlobalSection(SolutionConfigurationPlatforms) = preSolution
		Debug|Any CPU = Debug|Any CPU
		Debug|x64 = Debug|x64
		Debug|x86 = Debug|x86
		Release|Any CPU = Release|Any CPU
		Release|x64 = Release|x64
		Release|x86 = Release|x86
	EndGlobalSection
	GlobalSection(ProjectConfigurationPlatforms) = postSolution
		{0831F35A-02F7-4F08-AFE4-5B6EAD942548}.Debug|Any CPU.ActiveCfg = Debug|Any CPU
		{0831F35A-02F7-4F08-AFE4-5B6EAD942548}.Debug|Any CPU.Build.0 = Debug|Any CPU
		{0831F35A-02F7-4F08-AFE4-5B6EAD942548}.Debug|x64.ActiveCfg = Debug|Any CPU
		{0831F35A-02F7-4F08-AFE4-5B6EAD942548}.Debug|x64.Build.0 = Debug|Any CPU
		{0831F35A-02F7-4F08-AFE4-5B6EAD942548}.Debug|x86.ActiveCfg = Debug|Any CPU
		{0831F35A-02F7-4F08-AFE4-5B6EAD942548}.Debug|x86.Build.0 = Debug|Any CPU
		{0831F35A-02F7-4F08-AFE4-5B6EAD942548}.Release|Any CPU.ActiveCfg = Release|Any CPU
		{0831F35A-02F7-4F08-AFE4-5B6EAD942548}.Release|Any CPU.Build.0 = Release|Any CPU
		{0831F35A-02F7-4F08-AFE4-5B6EAD942548}.Release|x64.ActiveCfg = Release|Any CPU
		{0831F35A-02F7-4F08-AFE4-5B6EAD942548}.Release|x64.Build.0 = Release|Any CPU
		{0831F35A-02F7-4F08-AFE4-5B6EAD942548}.Release|x86.ActiveCfg = Release|Any CPU
		{0831F35A-02F7-4F08-AFE4-5B6EAD942548}.Release|x86.Build.0 = Release|Any CPU
		{BC77A56A-61EA-44C3-8035-E5A7EDAFF8EE}.Debug|Any CPU.ActiveCfg = Debug|Any CPU
		{BC77A56A-61EA-44C3-8035-E5A7EDAFF8EE}.Debug|Any CPU.Build.0 = Debug|Any CPU
		{BC77A56A-61EA-44C3-8035-E5A7EDAFF8EE}.Debug|x64.ActiveCfg = Debug|Any CPU
		{BC77A56A-61EA-44C3-8035-E5A7EDAFF8EE}.Debug|x64.Build.0 = Debug|Any CPU
		{BC77A56A-61EA-44C3-8035-E5A7EDAFF8EE}.Debug|x86.ActiveCfg = Debug|Any CPU
		{BC77A56A-61EA-44C3-8035-E5A7EDAFF8EE}.Debug|x86.Build.0 = Debug|Any CPU
		{BC77A56A-61EA-44C3-8035-E5A7EDAFF8EE}.Release|Any CPU.ActiveCfg = Release|Any CPU
		{BC77A56A-61EA-44C3-8035-E5A7EDAFF8EE}.Release|Any CPU.Build.0 = Release|Any CPU
		{BC77A56A-61EA-44C3-8035-E5A7EDAFF8EE}.Release|x64.ActiveCfg = Release|Any CPU
		{BC77A56A-61EA-44C3-8035-E5A7EDAFF8EE}.Release|x64.Build.0 = Release|Any CPU
		{BC77A56A-61EA-44C3-8035-E5A7EDAFF8EE}.Release|x86.ActiveCfg = Release|Any CPU
		{BC77A56A-61EA-44C3-8035-E5A7EDAFF8EE}.Release|x86.Build.0 = Release|Any CPU
		{0F8A6B88-12AF-4089-9C95-B1C46A589290}.Debug|Any CPU.ActiveCfg = Debug|Any CPU
		{0F8A6B88-12AF-4089-9C95-B1C46A589290}.Debug|Any CPU.Build.0 = Debug|Any CPU
		{0F8A6B88-12AF-4089-9C95-B1C46A589290}.Debug|x64.ActiveCfg = Debug|Any CPU
		{0F8A6B88-12AF-4089-9C95-B1C46A589290}.Debug|x64.Build.0 = Debug|Any CPU
		{0F8A6B88-12AF-4089-9C95-B1C46A589290}.Debug|x86.ActiveCfg = Debug|Any CPU
		{0F8A6B88-12AF-4089-9C95-B1C46A589290}.Debug|x86.Build.0 = Debug|Any CPU
		{0F8A6B88-12AF-4089-9C95-B1C46A589290}.Release|Any CPU.ActiveCfg = Release|Any CPU
		{0F8A6B88-12AF-4089-9C95-B1C46A589290}.Release|Any CPU.Build.0 = Release|Any CPU
		{0F8A6B88-12AF-4089-9C95-B1C46A589290}.Release|x64.ActiveCfg = Release|Any CPU
		{0F8A6B88-12AF-4089-9C95-B1C46A589290}.Release|x64.Build.0 = Release|Any CPU
		{0F8A6B88-12AF-4089-9C95-B1C46A589290}.Release|x86.ActiveCfg = Release|Any CPU
		{0F8A6B88-12AF-4089-9C95-B1C46A589290}.Release|x86.Build.0 = Release|Any CPU
		{D5E6F7A8-B9C0-1234-DEF5-6789ABCDEF01}.Debug|Any CPU.ActiveCfg = Debug|Any CPU
		{D5E6F7A8-B9C0-1234-DEF5-6789ABCDEF01}.Debug|Any CPU.Build.0 = Debug|Any CPU
		{D5E6F7A8-B9C0-1234-DEF5-6789ABCDEF01}.Debug|x64.ActiveCfg = Debug|Any CPU
		{D5E6F7A8-B9C0-1234-DEF5-6789ABCDEF01}.Debug|x64.Build.0 = Debug|Any CPU
		{D5E6F7A8-B9C0-1234-DEF5-6789ABCDEF01}.Debug|x86.ActiveCfg = Debug|Any CPU
		{D5E6F7A8-B9C0-1234-DEF5-6789ABCDEF01}.Debug|x86.Build.0 = Debug|Any CPU
		{D5E6F7A8-B9C0-1234-DEF5-6789ABCDEF01}.Release|Any CPU.ActiveCfg = Release|Any CPU
		{D5E6F7A8-B9C0-1234-DEF5-6789ABCDEF01}.Release|Any CPU.Build.0 = Release|Any CPU
		{D5E6F7A8-B9C0-1234-DEF5-6789ABCDEF01}.Release|x64.ActiveCfg = Release|Any CPU
		{D5E6F7A8-B9C0-1234-DEF5-6789ABCDEF01}.Release|x64.Build.0 = Release|Any CPU
		{D5E6F7A8-B9C0-1234-DEF5-6789ABCDEF01}.Release|x86.ActiveCfg = Release|Any CPU
		{D5E6F7A8-B9C0-1234-DEF5-6789ABCDEF01}.Release|x86.Build.0 = Release|Any CPU
		{D328ED4A-5DC7-42DD-963B-2DBCB7E7E859}.Debug|Any CPU.ActiveCfg = Debug|Any CPU
		{D328ED4A-5DC7-42DD-963B-2DBCB7E7E859}.Debug|Any CPU.Build.0 = Debug|Any CPU
		{D328ED4A-5DC7-42DD-963B-2DBCB7E7E859}.Debug|x64.ActiveCfg = Debug|Any CPU
		{D328ED4A-5DC7-42DD-963B-2DBCB7E7E859}.Debug|x64.Build.0 = Debug|Any CPU
		{D328ED4A-5DC7-42DD-963B-2DBCB7E7E859}.Debug|x86.ActiveCfg = Debug|Any CPU
		{D328ED4A-5DC7-42DD-963B-2DBCB7E7E859}.Debug|x86.Build.0 = Debug|Any CPU
		{D328ED4A-5DC7-42DD-963B-2DBCB7E7E859}.Release|Any CPU.ActiveCfg = Release|Any CPU
		{D328ED4A-5DC7-42DD-963B-2DBCB7E7E859}.Release|Any CPU.Build.0 = Release|Any CPU
		{D328ED4A-5DC7-42DD-963B-2DBCB7E7E859}.Release|x64.ActiveCfg = Release|Any CPU
		{D328ED4A-5DC7-42DD-963B-2DBCB7E7E859}.Release|x64.Build.0 = Release|Any CPU
		{D328ED4A-5DC7-42DD-963B-2DBCB7E7E859}.Release|x86.ActiveCfg = Release|Any CPU
		{D328ED4A-5DC7-42DD-963B-2DBCB7E7E859}.Release|x86.Build.0 = Release|Any CPU
		{E1E2E3E4-E5E6-7890-ABCD-EF1234567890}.Debug|Any CPU.ActiveCfg = Debug|Any CPU
		{E1E2E3E4-E5E6-7890-ABCD-EF1234567890}.Debug|Any CPU.Build.0 = Debug|Any CPU
		{E1E2E3E4-E5E6-7890-ABCD-EF1234567890}.Debug|x64.ActiveCfg = Debug|Any CPU
		{E1E2E3E4-E5E6-7890-ABCD-EF1234567890}.Debug|x64.Build.0 = Debug|Any CPU
		{E1E2E3E4-E5E6-7890-ABCD-EF1234567890}.Debug|x86.ActiveCfg = Debug|Any CPU
		{E1E2E3E4-E5E6-7890-ABCD-EF1234567890}.Debug|x86.Build.0 = Debug|Any CPU
		{E1E2E3E4-E5E6-7890-ABCD-EF1234567890}.Release|Any CPU.ActiveCfg = Release|Any CPU
		{E1E2E3E4-E5E6-7890-ABCD-EF1234567890}.Release|Any CPU.Build.0 = Release|Any CPU
		{E1E2E3E4-E5E6-7890-ABCD-EF1234567890}.Release|x64.ActiveCfg = Release|Any CPU
		{E1E2E3E4-E5E6-7890-ABCD-EF1234567890}.Release|x64.Build.0 = Release|Any CPU
		{E1E2E3E4-E5E6-7890-ABCD-EF1234567890}.Release|x86.ActiveCfg = Release|Any CPU
		{E1E2E3E4-E5E6-7890-ABCD-EF1234567890}.Release|x86.Build.0 = Release|Any CPU
		{350142F0-3845-4749-BC5F-ED957F46E735}.Debug|Any CPU.ActiveCfg = Debug|Any CPU
		{350142F0-3845-4749-BC5F-ED957F46E735}.Debug|Any CPU.Build.0 = Debug|Any CPU
		{350142F0-3845-4749-BC5F-ED957F46E735}.Debug|x64.ActiveCfg = Debug|Any CPU
		{350142F0-3845-4749-BC5F-ED957F46E735}.Debug|x64.Build.0 = Debug|Any CPU
		{350142F0-3845-4749-BC5F-ED957F46E735}.Debug|x86.ActiveCfg = Debug|Any CPU
		{350142F0-3845-4749-BC5F-ED957F46E735}.Debug|x86.Build.0 = Debug|Any CPU
		{350142F0-3845-4749-BC5F-ED957F46E735}.Release|Any CPU.ActiveCfg = Release|Any CPU
		{350142F0-3845-4749-BC5F-ED957F46E735}.Release|Any CPU.Build.0 = Release|Any CPU
		{350142F0-3845-4749-BC5F-ED957F46E735}.Release|x64.ActiveCfg = Release|Any CPU
		{350142F0-3845-4749-BC5F-ED957F46E735}.Release|x64.Build.0 = Release|Any CPU
		{350142F0-3845-4749-BC5F-ED957F46E735}.Release|x86.ActiveCfg = Release|Any CPU
		{350142F0-3845-4749-BC5F-ED957F46E735}.Release|x86.Build.0 = Release|Any CPU
	EndGlobalSection
	GlobalSection(SolutionProperties) = preSolution
		HideSolutionNode = FALSE
	EndGlobalSection
EndGlobal
